
Microsoft Visual Studio Solution File, Format Version 12.00
# Visual Studio 14
VisualStudioVersion = 14.0.25420.1
MinimumVisualStudioVersion = 10.0.40219.1
Project("{FAE04EC0-301F-11D3-BF4B-00C04F79EFBC}") = "VideoTreasure", "VideoTreasure\VideoTreasure.csproj", "{15DD6140-9035-48FF-BAFC-3B6870B75D91}"
EndProject
Project("{FAE04EC0-301F-11D3-BF4B-00C04F79EFBC}") = "VideoTreasure.Tests", "VideoTreasure.Tests\VideoTreasure.Tests.csproj", "{AC0392A1-FA73-4926-A89F-71072505F674}"
EndProject
Global
	GlobalSection(SolutionConfigurationPlatforms) = preSolution
		Debug|Any CPU = Debug|Any CPU
		Release|Any CPU = Release|Any CPU
	EndGlobalSection
	GlobalSection(ProjectConfigurationPlatforms) = postSolution
		{15DD6140-9035-48FF-BAFC-3B6870B75D91}.Debug|Any CPU.ActiveCfg = Debug|Any CPU
		{15DD6140-9035-48FF-BAFC-3B6870B75D91}.Debug|Any CPU.Build.0 = Debug|Any CPU
		{15DD6140-9035-48FF-BAFC-3B6870B75D91}.Release|Any CPU.ActiveCfg = Release|Any CPU
		{15DD6140-9035-48FF-BAFC-3B6870B75D91}.Release|Any CPU.Build.0 = Release|Any CPU
		{AC0392A1-FA73-4926-A89F-71072505F674}.Debug|Any CPU.ActiveCfg = Debug|Any CPU
		{AC0392A1-FA73-4926-A89F-71072505F674}.Debug|Any CPU.Build.0 = Debug|Any CPU
		{AC0392A1-FA73-4926-A89F-71072505F674}.Release|Any CPU.ActiveCfg = Release|Any CPU
		{AC0392A1-FA73-4926-A89F-71072505F674}.Release|Any CPU.Build.0 = Release|Any CPU
	EndGlobalSection
	GlobalSection(SolutionProperties) = preSolution
		HideSolutionNode = FALSE
	EndGlobalSection
EndGlobal
